// !$*UTF8*$!
{
	archiveVersion = 1;
	classes = {
	};
	objectVersion = 56;
	objects = {

/* Begin PBXBuildFile section */
		CED6C5312B6141CA00620BDC /* AppDelegate.swift in Sources */ = {isa = PBXBuildFile; fileRef = CED6C5302B6141CA00620BDC /* AppDelegate.swift */; };
		CED6C5332B6141CA00620BDC /* SceneDelegate.swift in Sources */ = {isa = PBXBuildFile; fileRef = CED6C5322B6141CA00620BDC /* SceneDelegate.swift */; };
		CED6C5352B6141CA00620BDC /* ViewController.swift in Sources */ = {isa = PBXBuildFile; fileRef = CED6C5342B6141CA00620BDC /* ViewController.swift */; };
		CED6C53A2B6141CD00620BDC /* Assets.xcassets in Resources */ = {isa = PBXBuildFile; fileRef = CED6C5392B6141CD00620BDC /* Assets.xcassets */; };
		CED6C53D2B6141CD00620BDC /* LaunchScreen.storyboard in Resources */ = {isa = PBXBuildFile; fileRef = CED6C53B2B6141CD00620BDC /* LaunchScreen.storyboard */; };
		CED6C5482B6141CE00620BDC /* CounterAppTests.swift in Sources */ = {isa = PBXBuildFile; fileRef = CED6C5472B6141CE00620BDC /* CounterAppTests.swift */; };
		CED6C5522B6141CE00620BDC /* CounterAppUITests.swift in Sources */ = {isa = PBXBuildFile; fileRef = CED6C5512B6141CE00620BDC /* CounterAppUITests.swift */; };
		CED6C5542B6141CE00620BDC /* CounterAppUITestsLaunchTests.swift in Sources */ = {isa = PBXBuildFile; fileRef = CED6C5532B6141CE00620BDC /* CounterAppUITestsLaunchTests.swift */; };
		CED6C5622B61427300620BDC /* Main.storyboard in Resources */ = {isa = PBXBuildFile; fileRef = CED6C5602B61427300620BDC /* Main.storyboard */; };
		CED6C5642B61432100620BDC /* MainVC.swift in Sources */ = {isa = PBXBuildFile; fileRef = CED6C5632B61432100620BDC /* MainVC.swift */; };
/* End PBXBuildFile section */

/* Begin PBXContainerItemProxy section */
		CED6C5442B6141CE00620BDC /* PBXContainerItemProxy */ = {
			isa = PBXContainerItemProxy;
			containerPortal = CED6C5252B6141CA00620BDC /* Project object */;
			proxyType = 1;
			remoteGlobalIDString = CED6C52C2B6141CA00620BDC;
			remoteInfo = CounterApp;
		};
		CED6C54E2B6141CE00620BDC /* PBXContainerItemProxy */ = {
			isa = PBXContainerItemProxy;
			containerPortal = CED6C5252B6141CA00620BDC /* Project object */;
			proxyType = 1;
			remoteGlobalIDString = CED6C52C2B6141CA00620BDC;
			remoteInfo = CounterApp;
		};
/* End PBXContainerItemProxy section */

/* Begin PBXFileReference section */
		CED6C52D2B6141CA00620BDC /* CounterApp.app */ = {isa = PBXFileReference; explicitFileType = wrapper.application; includeInIndex = 0; path = CounterApp.app; sourceTree = BUILT_PRODUCTS_DIR; };
		CED6C5302B6141CA00620BDC /* AppDelegate.swift */ = {isa = PBXFileReference; lastKnownFileType = sourcecode.swift; path = AppDelegate.swift; sourceTree = "<group>"; };
		CED6C5322B6141CA00620BDC /* SceneDelegate.swift */ = {isa = PBXFileReference; lastKnownFileType = sourcecode.swift; path = SceneDelegate.swift; sourceTree = "<group>"; };
		CED6C5342B6141CA00620BDC /* ViewController.swift */ = {isa = PBXFileReference; lastKnownFileType = sourcecode.swift; path = ViewController.swift; sourceTree = "<group>"; };
		CED6C5392B6141CD00620BDC /* Assets.xcassets */ = {isa = PBXFileReference; lastKnownFileType = folder.assetcatalog; path = Assets.xcassets; sourceTree = "<group>"; };
		CED6C53C2B6141CD00620BDC /* Base */ = {isa = PBXFileReference; lastKnownFileType = file.storyboard; name = Base; path = Base.lproj/LaunchScreen.storyboard; sourceTree = "<group>"; };
		CED6C53E2B6141CD00620BDC /* Info.plist */ = {isa = PBXFileReference; lastKnownFileType = text.plist.xml; path = Info.plist; sourceTree = "<group>"; };
		CED6C5432B6141CE00620BDC /* CounterAppTests.xctest */ = {isa = PBXFileReference; explicitFileType = wrapper.cfbundle; includeInIndex = 0; path = CounterAppTests.xctest; sourceTree = BUILT_PRODUCTS_DIR; };
		CED6C5472B6141CE00620BDC /* CounterAppTests.swift */ = {isa = PBXFileReference; lastKnownFileType = sourcecode.swift; path = CounterAppTests.swift; sourceTree = "<group>"; };
		CED6C54D2B6141CE00620BDC /* CounterAppUITests.xctest */ = {isa = PBXFileReference; explicitFileType = wrapper.cfbundle; includeInIndex = 0; path = CounterAppUITests.xctest; sourceTree = BUILT_PRODUCTS_DIR; };
		CED6C5512B6141CE00620BDC /* CounterAppUITests.swift */ = {isa = PBXFileReference; lastKnownFileType = sourcecode.swift; path = CounterAppUITests.swift; sourceTree = "<group>"; };
		CED6C5532B6141CE00620BDC /* CounterAppUITestsLaunchTests.swift */ = {isa = PBXFileReference; lastKnownFileType = sourcecode.swift; path = CounterAppUITestsLaunchTests.swift; sourceTree = "<group>"; };
		CED6C5612B61427300620BDC /* Base */ = {isa = PBXFileReference; lastKnownFileType = file.storyboard; name = Base; path = Base.lproj/Main.storyboard; sourceTree = "<group>"; };
		CED6C5632B61432100620BDC /* MainVC.swift */ = {isa = PBXFileReference; lastKnownFileType = sourcecode.swift; path = MainVC.swift; sourceTree = "<group>"; };
/* End PBXFileReference section */

/* Begin PBXFrameworksBuildPhase section */
		CED6C52A2B6141CA00620BDC /* Frameworks */ = {
			isa = PBXFrameworksBuildPhase;
			buildActionMask = 2147483647;
			files = (
			);
			runOnlyForDeploymentPostprocessing = 0;
		};
		CED6C5402B6141CE00620BDC /* Frameworks */ = {
			isa = PBXFrameworksBuildPhase;
			buildActionMask = 2147483647;
			files = (
			);
			runOnlyForDeploymentPostprocessing = 0;
		};
		CED6C54A2B6141CE00620BDC /* Frameworks */ = {
			isa = PBXFrameworksBuildPhase;
			buildActionMask = 2147483647;
			files = (
			);
			runOnlyForDeploymentPostprocessing = 0;
		};
/* End PBXFrameworksBuildPhase section */

/* Begin PBXGroup section */
		CED6C5242B6141CA00620BDC = {
			isa = PBXGroup;
			children = (
				CED6C52F2B6141CA00620BDC /* CounterApp */,
				CED6C5462B6141CE00620BDC /* CounterAppTests */,
				CED6C5502B6141CE00620BDC /* CounterAppUITests */,
				CED6C52E2B6141CA00620BDC /* Products */,
			);
			sourceTree = "<group>";
		};
		CED6C52E2B6141CA00620BDC /* Products */ = {
			isa = PBXGroup;
			children = (
				CED6C52D2B6141CA00620BDC /* CounterApp.app */,
				CED6C5432B6141CE00620BDC /* CounterAppTests.xctest */,
				CED6C54D2B6141CE00620BDC /* CounterAppUITests.xctest */,
			);
			name = Products;
			sourceTree = "<group>";
		};
		CED6C52F2B6141CA00620BDC /* CounterApp */ = {
			isa = PBXGroup;
			children = (
				CED6C5322B6141CA00620BDC /* SceneDelegate.swift */,
				CED6C5302B6141CA00620BDC /* AppDelegate.swift */,
				CED6C5632B61432100620BDC /* MainVC.swift */,
				CED6C5342B6141CA00620BDC /* ViewController.swift */,
				CED6C5602B61427300620BDC /* Main.storyboard */,
				CED6C53B2B6141CD00620BDC /* LaunchScreen.storyboard */,
				CED6C5392B6141CD00620BDC /* Assets.xcassets */,
				CED6C53E2B6141CD00620BDC /* Info.plist */,
			);
			path = CounterApp;
			sourceTree = "<group>";
		};
		CED6C5462B6141CE00620BDC /* CounterAppTests */ = {
			isa = PBXGroup;
			children = (
				CED6C5472B6141CE00620BDC /* CounterAppTests.swift */,
			);
			path = CounterAppTests;
			sourceTree = "<group>";
		};
		CED6C5502B6141CE00620BDC /* CounterAppUITests */ = {
			isa = PBXGroup;
			children = (
				CED6C5512B6141CE00620BDC /* CounterAppUITests.swift */,
				CED6C5532B6141CE00620BDC /* CounterAppUITestsLaunchTests.swift */,
			);
			path = CounterAppUITests;
			sourceTree = "<group>";
		};
/* End PBXGroup section */

/* Begin PBXNativeTarget section */
		CED6C52C2B6141CA00620BDC /* CounterApp */ = {
			isa = PBXNativeTarget;
			buildConfigurationList = CED6C5572B6141CE00620BDC /* Build configuration list for PBXNativeTarget "CounterApp" */;
			buildPhases = (
				CED6C5292B6141CA00620BDC /* Sources */,
				CED6C52A2B6141CA00620BDC /* Frameworks */,
				CED6C52B2B6141CA00620BDC /* Resources */,
			);
			buildRules = (
			);
			dependencies = (
			);
			name = CounterApp;
			productName = CounterApp;
			productReference = CED6C52D2B6141CA00620BDC /* CounterApp.app */;
			productType = "com.apple.product-type.application";
		};
		CED6C5422B6141CE00620BDC /* CounterAppTests */ = {
			isa = PBXNativeTarget;
			buildConfigurationList = CED6C55A2B6141CE00620BDC /* Build configuration list for PBXNativeTarget "CounterAppTests" */;
			buildPhases = (
				CED6C53F2B6141CE00620BDC /* Sources */,
				CED6C5402B6141CE00620BDC /* Frameworks */,
				CED6C5412B6141CE00620BDC /* Resources */,
			);
			buildRules = (
			);
			dependencies = (
				CED6C5452B6141CE00620BDC /* PBXTargetDependency */,
			);
			name = CounterAppTests;
			productName = CounterAppTests;
			productReference = CED6C5432B6141CE00620BDC /* CounterAppTests.xctest */;
			productType = "com.apple.product-type.bundle.unit-test";
		};
		CED6C54C2B6141CE00620BDC /* CounterAppUITests */ = {
			isa = PBXNativeTarget;
			buildConfigurationList = CED6C55D2B6141CE00620BDC /* Build configuration list for PBXNativeTarget "CounterAppUITests" */;
			buildPhases = (
				CED6C5492B6141CE00620BDC /* Sources */,
				CED6C54A2B6141CE00620BDC /* Frameworks */,
				CED6C54B2B6141CE00620BDC /* Resources */,
			);
			buildRules = (
			);
			dependencies = (
				CED6C54F2B6141CE00620BDC /* PBXTargetDependency */,
			);
			name = CounterAppUITests;
			productName = CounterAppUITests;
			productReference = CED6C54D2B6141CE00620BDC /* CounterAppUITests.xctest */;
			productType = "com.apple.product-type.bundle.ui-testing";
		};
/* End PBXNativeTarget section */

/* Begin PBXProject section */
		CED6C5252B6141CA00620BDC /* Project object */ = {
			isa = PBXProject;
			attributes = {
				BuildIndependentTargetsInParallel = 1;
				LastSwiftUpdateCheck = 1520;
				LastUpgradeCheck = 1520;
				TargetAttributes = {
					CED6C52C2B6141CA00620BDC = {
						CreatedOnToolsVersion = 15.2;
					};
					CED6C5422B6141CE00620BDC = {
						CreatedOnToolsVersion = 15.2;
						TestTargetID = CED6C52C2B6141CA00620BDC;
					};
					CED6C54C2B6141CE00620BDC = {
						CreatedOnToolsVersion = 15.2;
						TestTargetID = CED6C52C2B6141CA00620BDC;
					};
				};
			};
			buildConfigurationList = CED6C5282B6141CA00620BDC /* Build configuration list for PBXProject "CounterApp" */;
			compatibilityVersion = "Xcode 14.0";
			developmentRegion = en;
			hasScannedForEncodings = 0;
			knownRegions = (
				en,
				Base,
			);
			mainGroup = CED6C5242B6141CA00620BDC;
			productRefGroup = CED6C52E2B6141CA00620BDC /* Products */;
			projectDirPath = "";
			projectRoot = "";
			targets = (
				CED6C52C2B6141CA00620BDC /* CounterApp */,
				CED6C5422B6141CE00620BDC /* CounterAppTests */,
				CED6C54C2B6141CE00620BDC /* CounterAppUITests */,
			);
		};
/* End PBXProject section */

/* Begin PBXResourcesBuildPhase section */
		CED6C52B2B6141CA00620BDC /* Resources */ = {
			isa = PBXResourcesBuildPhase;
			buildActionMask = 2147483647;
			files = (
				CED6C5622B61427300620BDC /* Main.storyboard in Resources */,
				CED6C53D2B6141CD00620BDC /* LaunchScreen.storyboard in Resources */,
				CED6C53A2B6141CD00620BDC /* Assets.xcassets in Resources */,
			);
			runOnlyForDeploymentPostprocessing = 0;
		};
		CED6C5412B6141CE00620BDC /* Resources */ = {
			isa = PBXResourcesBuildPhase;
			buildActionMask = 2147483647;
			files = (
			);
			runOnlyForDeploymentPostprocessing = 0;
		};
		CED6C54B2B6141CE00620BDC /* Resources */ = {
			isa = PBXResourcesBuildPhase;
			buildActionMask = 2147483647;
			files = (
			);
			runOnlyForDeploymentPostprocessing = 0;
		};
/* End PBXResourcesBuildPhase section */

/* Begin PBXSourcesBuildPhase section */
		CED6C5292B6141CA00620BDC /* Sources */ = {
			isa = PBXSourcesBuildPhase;
			buildActionMask = 2147483647;
			files = (
				CED6C5352B6141CA00620BDC /* ViewController.swift in Sources */,
				CED6C5642B61432100620BDC /* MainVC.swift in Sources */,
				CED6C5312B6141CA00620BDC /* AppDelegate.swift in Sources */,
				CED6C5332B6141CA00620BDC /* SceneDelegate.swift in Sources */,
			);
			runOnlyForDeploymentPostprocessing = 0;
		};
		CED6C53F2B6141CE00620BDC /* Sources */ = {
			isa = PBXSourcesBuildPhase;
			buildActionMask = 2147483647;
			files = (
				CED6C5482B6141CE00620BDC /* CounterAppTests.swift in Sources */,
			);
			runOnlyForDeploymentPostprocessing = 0;
		};
		CED6C5492B6141CE00620BDC /* Sources */ = {
			isa = PBXSourcesBuildPhase;
			buildActionMask = 2147483647;
			files = (
				CED6C5522B6141CE00620BDC /* CounterAppUITests.swift in Sources */,
				CED6C5542B6141CE00620BDC /* CounterAppUITestsLaunchTests.swift in Sources */,
			);
			runOnlyForDeploymentPostprocessing = 0;
		};
/* End PBXSourcesBuildPhase section */

/* Begin PBXTargetDependency section */
		CED6C5452B6141CE00620BDC /* PBXTargetDependency */ = {
			isa = PBXTargetDependency;
			target = CED6C52C2B6141CA00620BDC /* CounterApp */;
			targetProxy = CED6C5442B6141CE00620BDC /* PBXContainerItemProxy */;
		};
		CED6C54F2B6141CE00620BDC /* PBXTargetDependency */ = {
			isa = PBXTargetDependency;
			target = CED6C52C2B6141CA00620BDC /* CounterApp */;
			targetProxy = CED6C54E2B6141CE00620BDC /* PBXContainerItemProxy */;
		};
/* End PBXTargetDependency section */

/* Begin PBXVariantGroup section */
		CED6C53B2B6141CD00620BDC /* LaunchScreen.storyboard */ = {
			isa = PBXVariantGroup;
			children = (
				CED6C53C2B6141CD00620BDC /* Base */,
			);
			name = LaunchScreen.storyboard;
			sourceTree = "<group>";
		};
		CED6C5602B61427300620BDC /* Main.storyboard */ = {
			isa = PBXVariantGroup;
			children = (
				CED6C5612B61427300620BDC /* Base */,
			);
			name = Main.storyboard;
			sourceTree = "<group>";
		};
/* End PBXVariantGroup section */

/* Begin XCBuildConfiguration section */
		CED6C5552B6141CE00620BDC /* Debug */ = {
			isa = XCBuildConfiguration;
			buildSettings = {
				ALWAYS_SEARCH_USER_PATHS = NO;
				ASSETCATALOG_COMPILER_GENERATE_SWIFT_ASSET_SYMBOL_EXTENSIONS = YES;
				CLANG_ANALYZER_NONNULL = YES;
				CLANG_ANALYZER_NUMBER_OBJECT_CONVERSION = YES_AGGRESSIVE;
				CLANG_CXX_LANGUAGE_STANDARD = "gnu++20";
				CLANG_ENABLE_MODULES = YES;
				CLANG_ENABLE_OBJC_ARC = YES;
				CLANG_ENABLE_OBJC_WEAK = YES;
				CLANG_WARN_BLOCK_CAPTURE_AUTORELEASING = YES;
				CLANG_WARN_BOOL_CONVERSION = YES;
				CLANG_WARN_COMMA = YES;
				CLANG_WARN_CONSTANT_CONVERSION = YES;
				CLANG_WARN_DEPRECATED_OBJC_IMPLEMENTATIONS = YES;
				CLANG_WARN_DIRECT_OBJC_ISA_USAGE = YES_ERROR;
				CLANG_WARN_DOCUMENTATION_COMMENTS = YES;
				CLANG_WARN_EMPTY_BODY = YES;
				CLANG_WARN_ENUM_CONVERSION = YES;
				CLANG_WARN_INFINITE_RECURSION = YES;
				CLANG_WARN_INT_CONVERSION = YES;
				CLANG_WARN_NON_LITERAL_NULL_CONVERSION = YES;
				CLANG_WARN_OBJC_IMPLICIT_RETAIN_SELF = YES;
				CLANG_WARN_OBJC_LITERAL_CONVERSION = YES;
				CLANG_WARN_OBJC_ROOT_CLASS = YES_ERROR;
				CLANG_WARN_QUOTED_INCLUDE_IN_FRAMEWORK_HEADER = YES;
				CLANG_WARN_RANGE_LOOP_ANALYSIS = YES;
				CLANG_WARN_STRICT_PROTOTYPES = YES;
				CLANG_WARN_SUSPICIOUS_MOVE = YES;
				CLANG_WARN_UNGUARDED_AVAILABILITY = YES_AGGRESSIVE;
				CLANG_WARN_UNREACHABLE_CODE = YES;
				CLANG_WARN__DUPLICATE_METHOD_MATCH = YES;
				COPY_PHASE_STRIP = NO;
				DEBUG_INFORMATION_FORMAT = dwarf;
				ENABLE_STRICT_OBJC_MSGSEND = YES;
				ENABLE_TESTABILITY = YES;
				ENABLE_USER_SCRIPT_SANDBOXING = YES;
				GCC_C_LANGUAGE_STANDARD = gnu17;
				GCC_DYNAMIC_NO_PIC = NO;
				GCC_NO_COMMON_BLOCKS = YES;
				GCC_OPTIMIZATION_LEVEL = 0;
				GCC_PREPROCESSOR_DEFINITIONS = (
					"DEBUG=1",
					"$(inherited)",
				);
				GCC_WARN_64_TO_32_BIT_CONVERSION = YES;
				GCC_WARN_ABOUT_RETURN_TYPE = YES_ERROR;
				GCC_WARN_UNDECLARED_SELECTOR = YES;
				GCC_WARN_UNINITIALIZED_AUTOS = YES_AGGRESSIVE;
				GCC_WARN_UNUSED_FUNCTION = YES;
				GCC_WARN_UNUSED_VARIABLE = YES;
				IPHONEOS_DEPLOYMENT_TARGET = 17.2;
				LOCALIZATION_PREFERS_STRING_CATALOGS = YES;
				MTL_ENABLE_DEBUG_INFO = INCLUDE_SOURCE;
				MTL_FAST_MATH = YES;
				ONLY_ACTIVE_ARCH = YES;
				SDKROOT = iphoneos;
				SWIFT_ACTIVE_COMPILATION_CONDITIONS = "DEBUG $(inherited)";
				SWIFT_OPTIMIZATION_LEVEL = "-Onone";
			};
			name = Debug;
		};
		CED6C5562B6141CE00620BDC /* Release */ = {
			isa = XCBuildConfiguration;
			buildSettings = {
				ALWAYS_SEARCH_USER_PATHS = NO;
				ASSETCATALOG_COMPILER_GENERATE_SWIFT_ASSET_SYMBOL_EXTENSIONS = YES;
				CLANG_ANALYZER_NONNULL = YES;
				CLANG_ANALYZER_NUMBER_OBJECT_CONVERSION = YES_AGGRESSIVE;
				CLANG_CXX_LANGUAGE_STANDARD = "gnu++20";
				CLANG_ENABLE_MODULES = YES;
				CLANG_ENABLE_OBJC_ARC = YES;
				CLANG_ENABLE_OBJC_WEAK = YES;
				CLANG_WARN_BLOCK_CAPTURE_AUTORELEASING = YES;
				CLANG_WARN_BOOL_CONVERSION = YES;
				CLANG_WARN_COMMA = YES;
				CLANG_WARN_CONSTANT_CONVERSION = YES;
				CLANG_WARN_DEPRECATED_OBJC_IMPLEMENTATIONS = YES;
				CLANG_WARN_DIRECT_OBJC_ISA_USAGE = YES_ERROR;
				CLANG_WARN_DOCUMENTATION_COMMENTS = YES;
				CLANG_WARN_EMPTY_BODY = YES;
				CLANG_WARN_ENUM_CONVERSION = YES;
				CLANG_WARN_INFINITE_RECURSION = YES;
				CLANG_WARN_INT_CONVERSION = YES;
				CLANG_WARN_NON_LITERAL_NULL_CONVERSION = YES;
				CLANG_WARN_OBJC_IMPLICIT_RETAIN_SELF = YES;
				CLANG_WARN_OBJC_LITERAL_CONVERSION = YES;
				CLANG_WARN_OBJC_ROOT_CLASS = YES_ERROR;
				CLANG_WARN_QUOTED_INCLUDE_IN_FRAMEWORK_HEADER = YES;
				CLANG_WARN_RANGE_LOOP_ANALYSIS = YES;
				CLANG_WARN_STRICT_PROTOTYPES = YES;
				CLANG_WARN_SUSPICIOUS_MOVE = YES;
				CLANG_WARN_UNGUARDED_AVAILABILITY = YES_AGGRESSIVE;
				CLANG_WARN_UNREACHABLE_CODE = YES;
				CLANG_WARN__DUPLICATE_METHOD_MATCH = YES;
				COPY_PHASE_STRIP = NO;
				DEBUG_INFORMATION_FORMAT = "dwarf-with-dsym";
				ENABLE_NS_ASSERTIONS = NO;
				ENABLE_STRICT_OBJC_MSGSEND = YES;
				ENABLE_USER_SCRIPT_SANDBOXING = YES;
				GCC_C_LANGUAGE_STANDARD = gnu17;
				GCC_NO_COMMON_BLOCKS = YES;
				GCC_WARN_64_TO_32_BIT_CONVERSION = YES;
				GCC_WARN_ABOUT_RETURN_TYPE = YES_ERROR;
				GCC_WARN_UNDECLARED_SELECTOR = YES;
				GCC_WARN_UNINITIALIZED_AUTOS = YES_AGGRESSIVE;
				GCC_WARN_UNUSED_FUNCTION = YES;
				GCC_WARN_UNUSED_VARIABLE = YES;
				IPHONEOS_DEPLOYMENT_TARGET = 17.2;
				LOCALIZATION_PREFERS_STRING_CATALOGS = YES;
				MTL_ENABLE_DEBUG_INFO = NO;
				MTL_FAST_MATH = YES;
				SDKROOT = iphoneos;
				SWIFT_COMPILATION_MODE = wholemodule;
				VALIDATE_PRODUCT = YES;
			};
			name = Release;
		};
		CED6C5582B6141CE00620BDC /* Debug */ = {
			isa = XCBuildConfiguration;
			buildSettings = {
				ASSETCATALOG_COMPILER_APPICON_NAME = AppIcon;
				ASSETCATALOG_COMPILER_GLOBAL_ACCENT_COLOR_NAME = AccentColor;
				CODE_SIGN_STYLE = Automatic;
				CURRENT_PROJECT_VERSION = 1;
				GENERATE_INFOPLIST_FILE = YES;
				INFOPLIST_FILE = CounterApp/Info.plist;
				INFOPLIST_KEY_UIApplicationSupportsIndirectInputEvents = YES;
				INFOPLIST_KEY_UILaunchStoryboardName = LaunchScreen;
				INFOPLIST_KEY_UIMainStoryboardFile = Main;
				INFOPLIST_KEY_UISupportedInterfaceOrientations_iPad = "UIInterfaceOrientationPortrait UIInterfaceOrientationPortraitUpsideDown UIInterfaceOrientationLandscapeLeft UIInterfaceOrientationLandscapeRight";
				INFOPLIST_KEY_UISupportedInterfaceOrientations_iPhone = "UIInterfaceOrientationPortrait UIInterfaceOrientationLandscapeLeft UIInterfaceOrientationLandscapeRight";
				LD_RUNPATH_SEARCH_PATHS = (
					"$(inherited)",
					"@executable_path/Frameworks",
				);
				MARKETING_VERSION = 1.0;
				PRODUCT_BUNDLE_IDENTIFIER = artak.CounterApp;
				PRODUCT_NAME = "$(TARGET_NAME)";
				SWIFT_EMIT_LOC_STRINGS = YES;
				SWIFT_VERSION = 5.0;
				TARGETED_DEVICE_FAMILY = "1,2";
			};
			name = Debug;
		};
		CED6C5592B6141CE00620BDC /* Release */ = {
			isa = XCBuildConfiguration;
			buildSettings = {
				ASSETCATALOG_COMPILER_APPICON_NAME = AppIcon;
				ASSETCATALOG_COMPILER_GLOBAL_ACCENT_COLOR_NAME = AccentColor;
				CODE_SIGN_STYLE = Automatic;
				CURRENT_PROJECT_VERSION = 1;
				GENERATE_INFOPLIST_FILE = YES;
				INFOPLIST_FILE = CounterApp/Info.plist;
				INFOPLIST_KEY_UIApplicationSupportsIndirectInputEvents = YES;
				INFOPLIST_KEY_UILaunchStoryboardName = LaunchScreen;
				INFOPLIST_KEY_UIMainStoryboardFile = Main;
				INFOPLIST_KEY_UISupportedInterfaceOrientations_iPad = "UIInterfaceOrientationPortrait UIInterfaceOrientationPortraitUpsideDown UIInterfaceOrientationLandscapeLeft UIInterfaceOrientationLandscapeRight";
				INFOPLIST_KEY_UISupportedInterfaceOrientations_iPhone = "UIInterfaceOrientationPortrait UIInterfaceOrientationLandscapeLeft UIInterfaceOrientationLandscapeRight";
				LD_RUNPATH_SEARCH_PATHS = (
					"$(inherited)",
					"@executable_path/Frameworks",
				);
				MARKETING_VERSION = 1.0;
				PRODUCT_BUNDLE_IDENTIFIER = artak.CounterApp;
				PRODUCT_NAME = "$(TARGET_NAME)";
				SWIFT_EMIT_LOC_STRINGS = YES;
				SWIFT_VERSION = 5.0;
				TARGETED_DEVICE_FAMILY = "1,2";
			};
			name = Release;
		};
		CED6C55B2B6141CE00620BDC /* Debug */ = {
			isa = XCBuildConfiguration;
			buildSettings = {
				ALWAYS_EMBED_SWIFT_STANDARD_LIBRARIES = YES;
				BUNDLE_LOADER = "$(TEST_HOST)";
				CODE_SIGN_STYLE = Automatic;
				CURRENT_PROJECT_VERSION = 1;
				GENERATE_INFOPLIST_FILE = YES;
				IPHONEOS_DEPLOYMENT_TARGET = 17.2;
				MARKETING_VERSION = 1.0;
				PRODUCT_BUNDLE_IDENTIFIER = artak.CounterAppTests;
				PRODUCT_NAME = "$(TARGET_NAME)";
				SWIFT_EMIT_LOC_STRINGS = NO;
				SWIFT_VERSION = 5.0;
				TARGETED_DEVICE_FAMILY = "1,2";
				TEST_HOST = "$(BUILT_PRODUCTS_DIR)/CounterApp.app/$(BUNDLE_EXECUTABLE_FOLDER_PATH)/CounterApp";
			};
			name = Debug;
		};
		CED6C55C2B6141CE00620BDC /* Release */ = {
			isa = XCBuildConfiguration;
			buildSettings = {
				ALWAYS_EMBED_SWIFT_STANDARD_LIBRARIES = YES;
				BUNDLE_LOADER = "$(TEST_HOST)";
				CODE_SIGN_STYLE = Automatic;
				CURRENT_PROJECT_VERSION = 1;
				GENERATE_INFOPLIST_FILE = YES;
				IPHONEOS_DEPLOYMENT_TARGET = 17.2;
				MARKETING_VERSION = 1.0;
				PRODUCT_BUNDLE_IDENTIFIER = artak.CounterAppTests;
				PRODUCT_NAME = "$(TARGET_NAME)";
				SWIFT_EMIT_LOC_STRINGS = NO;
				SWIFT_VERSION = 5.0;
				TARGETED_DEVICE_FAMILY = "1,2";
				TEST_HOST = "$(BUILT_PRODUCTS_DIR)/CounterApp.app/$(BUNDLE_EXECUTABLE_FOLDER_PATH)/CounterApp";
			};
			name = Release;
		};
		CED6C55E2B6141CE00620BDC /* Debug */ = {
			isa = XCBuildConfiguration;
			buildSettings = {
				ALWAYS_EMBED_SWIFT_STANDARD_LIBRARIES = YES;
				CODE_SIGN_STYLE = Automatic;
				CURRENT_PROJECT_VERSION = 1;
				GENERATE_INFOPLIST_FILE = YES;
				MARKETING_VERSION = 1.0;
				PRODUCT_BUNDLE_IDENTIFIER = artak.CounterAppUITests;
				PRODUCT_NAME = "$(TARGET_NAME)";
				SWIFT_EMIT_LOC_STRINGS = NO;
				SWIFT_VERSION = 5.0;
				TARGETED_DEVICE_FAMILY = "1,2";
				TEST_TARGET_NAME = CounterApp;
			};
			name = Debug;
		};
		CED6C55F2B6141CE00620BDC /* Release */ = {
			isa = XCBuildConfiguration;
			buildSettings = {
				ALWAYS_EMBED_SWIFT_STANDARD_LIBRARIES = YES;
				CODE_SIGN_STYLE = Automatic;
				CURRENT_PROJECT_VERSION = 1;
				GENERATE_INFOPLIST_FILE = YES;
				MARKETING_VERSION = 1.0;
				PRODUCT_BUNDLE_IDENTIFIER = artak.CounterAppUITests;
				PRODUCT_NAME = "$(TARGET_NAME)";
				SWIFT_EMIT_LOC_STRINGS = NO;
				SWIFT_VERSION = 5.0;
				TARGETED_DEVICE_FAMILY = "1,2";
				TEST_TARGET_NAME = CounterApp;
			};
			name = Release;
		};
/* End XCBuildConfiguration section */

/* Begin XCConfigurationList section */
		CED6C5282B6141CA00620BDC /* Build configuration list for PBXProject "CounterApp" */ = {
			isa = XCConfigurationList;
			buildConfigurations = (
				CED6C5552B6141CE00620BDC /* Debug */,
				CED6C5562B6141CE00620BDC /* Release */,
			);
			defaultConfigurationIsVisible = 0;
			defaultConfigurationName = Release;
		};
		CED6C5572B6141CE00620BDC /* Build configuration list for PBXNativeTarget "CounterApp" */ = {
			isa = XCConfigurationList;
			buildConfigurations = (
				CED6C5582B6141CE00620BDC /* Debug */,
				CED6C5592B6141CE00620BDC /* Release */,
			);
			defaultConfigurationIsVisible = 0;
			defaultConfigurationName = Release;
		};
		CED6C55A2B6141CE00620BDC /* Build configuration list for PBXNativeTarget "CounterAppTests" */ = {
			isa = XCConfigurationList;
			buildConfigurations = (
				CED6C55B2B6141CE00620BDC /* Debug */,
				CED6C55C2B6141CE00620BDC /* Release */,
			);
			defaultConfigurationIsVisible = 0;
			defaultConfigurationName = Release;
		};
		CED6C55D2B6141CE00620BDC /* Build configuration list for PBXNativeTarget "CounterAppUITests" */ = {
			isa = XCConfigurationList;
			buildConfigurations = (
				CED6C55E2B6141CE00620BDC /* Debug */,
				CED6C55F2B6141CE00620BDC /* Release */,
			);
			defaultConfigurationIsVisible = 0;
			defaultConfigurationName = Release;
		};
/* End XCConfigurationList section */
	};
	rootObject = CED6C5252B6141CA00620BDC /* Project object */;
}
